
Microsoft Visual Studio Solution File, Format Version 12.00
# Visual Studio 15
VisualStudioVersion = 15.0.27703.2018
MinimumVisualStudioVersion = 10.0.40219.1
Project("{8BC9CEB8-8B4A-11D0-8D11-00A0C91BC942}") = "CPP_Course_1", "CPP_Course_1\CPP_Course_1.vcxproj", "{5496B6E3-2975-48A6-8F39-505CDB542322}"
EndProject
Project("{8BC9CEB8-8B4A-11D0-8D11-00A0C91BC942}") = "HuffmanCodering", "..\..\Desktop\cpp\Les 6 Overerving en HuffmanCodering\HuffmanCodering\HuffmanCodering.vcxproj", "{6F144B4C-43D0-4ADB-ACF8-CEB2105F57B4}"
EndProject
Project("{8BC9CEB8-8B4A-11D0-8D11-00A0C91BC942}") = "TestPriorityQueue", "..\..\Desktop\cpp\Les 6 Overerving en HuffmanCodering\TestPriorityQueueu\TestPriorityQueueu.vcxproj", "{0E7EFB6F-95F1-403E-AF9C-0DEDE5DE3B49}"
EndProject
Project("{2150E333-8FDC-42A3-9474-1A3956D46DE8}") = "Solution Items", "Solution Items", "{BA45978E-E490-4BBF-989A-9801F982ED1B}"
	ProjectSection(SolutionItems) = preProject
		..\..\Desktop\cpp\Les 6 Overerving en HuffmanCodering\voorbeeldOvererving\voorbeeldOvererving.vcxproj = ..\..\Desktop\cpp\Les 6 Overerving en HuffmanCodering\voorbeeldOvererving\voorbeeldOvererving.vcxproj
	EndProjectSection
EndProject
Global
	GlobalSection(SolutionConfigurationPlatforms) = preSolution
		Debug|x64 = Debug|x64
		Debug|x86 = Debug|x86
		Release|x64 = Release|x64
		Release|x86 = Release|x86
	EndGlobalSection
	GlobalSection(ProjectConfigurationPlatforms) = postSolution
		{5496B6E3-2975-48A6-8F39-505CDB542322}.Debug|x64.ActiveCfg = Debug|x64
		{5496B6E3-2975-48A6-8F39-505CDB542322}.Debug|x64.Build.0 = Debug|x64
		{5496B6E3-2975-48A6-8F39-505CDB542322}.Debug|x86.ActiveCfg = Debug|Win32
		{5496B6E3-2975-48A6-8F39-505CDB542322}.Debug|x86.Build.0 = Debug|Win32
		{5496B6E3-2975-48A6-8F39-505CDB542322}.Release|x64.ActiveCfg = Release|x64
		{5496B6E3-2975-48A6-8F39-505CDB542322}.Release|x64.Build.0 = Release|x64
		{5496B6E3-2975-48A6-8F39-505CDB542322}.Release|x86.ActiveCfg = Release|Win32
		{5496B6E3-2975-48A6-8F39-505CDB542322}.Release|x86.Build.0 = Release|Win32
		{6F144B4C-43D0-4ADB-ACF8-CEB2105F57B4}.Debug|x64.ActiveCfg = Debug|Win32
		{6F144B4C-43D0-4ADB-ACF8-CEB2105F57B4}.Debug|x86.ActiveCfg = Debug|Win32
		{6F144B4C-43D0-4ADB-ACF8-CEB2105F57B4}.Debug|x86.Build.0 = Debug|Win32
		{6F144B4C-43D0-4ADB-ACF8-CEB2105F57B4}.Release|x64.ActiveCfg = Release|Win32
		{6F144B4C-43D0-4ADB-ACF8-CEB2105F57B4}.Release|x86.ActiveCfg = Release|Win32
		{6F144B4C-43D0-4ADB-ACF8-CEB2105F57B4}.Release|x86.Build.0 = Release|Win32
		{0E7EFB6F-95F1-403E-AF9C-0DEDE5DE3B49}.Debug|x64.ActiveCfg = Debug|Win32
		{0E7EFB6F-95F1-403E-AF9C-0DEDE5DE3B49}.Debug|x86.ActiveCfg = Debug|Win32
		{0E7EFB6F-95F1-403E-AF9C-0DEDE5DE3B49}.Debug|x86.Build.0 = Debug|Win32
		{0E7EFB6F-95F1-403E-AF9C-0DEDE5DE3B49}.Release|x64.ActiveCfg = Release|Win32
		{0E7EFB6F-95F1-403E-AF9C-0DEDE5DE3B49}.Release|x86.ActiveCfg = Release|Win32
		{0E7EFB6F-95F1-403E-AF9C-0DEDE5DE3B49}.Release|x86.Build.0 = Release|Win32
	EndGlobalSection
	GlobalSection(SolutionProperties) = preSolution
		HideSolutionNode = FALSE
	EndGlobalSection
	GlobalSection(ExtensibilityGlobals) = postSolution
		SolutionGuid = {773A3C99-7321-4C4B-B6EF-AAC1B22CC709}
	EndGlobalSection
EndGlobal
